// !$*UTF8*$!
{
	archiveVersion = 1;
	classes = {
	};
	objectVersion = 56;
	objects = {

/* Begin PBXFileReference section */
		6929E5682A7C4950009CBCF2 /* Main.py */ = {isa = PBXFileReference; lastKnownFileType = text.script.python; path = Main.py; sourceTree = "<group>"; };
/* End PBXFileReference section */

/* Begin PBXGroup section */
		6929E5612A7C4909009CBCF2 = {
			isa = PBXGroup;
			children = (
				6929E5682A7C4950009CBCF2 /* Main.py */,
			);
			sourceTree = "<group>";
		};
/* End PBXGroup section */

/* Begin PBXProject section */
		6929E5622A7C4909009CBCF2 /* Project object */ = {
			isa = PBXProject;
			attributes = {
				BuildIndependentTargetsInParallel = 1;
				LastUpgradeCheck = 1420;
			};
			buildConfigurationList = 6929E5652A7C4909009CBCF2 /* Build configuration list for PBXProject "BudgetApp" */;
			compatibilityVersion = "Xcode 14.0";
			developmentRegion = en;
			hasScannedForEncodings = 0;
			knownRegions = (
				en,
				Base,
			);
			mainGroup = 6929E5612A7C4909009CBCF2;
			projectDirPath = "";
			projectRoot = "";
			targets = (
			);
		};
/* End PBXProject section */

/* Begin XCBuildConfiguration section */
		6929E5662A7C4909009CBCF2 /* Debug */ = {
			isa = XCBuildConfiguration;
			buildSettings = {
			};
			name = Debug;
		};
		6929E5672A7C4909009CBCF2 /* Release */ = {
			isa = XCBuildConfiguration;
			buildSettings = {
			};
			name = Release;
		};
/* End XCBuildConfiguration section */

/* Begin XCConfigurationList section */
		6929E5652A7C4909009CBCF2 /* Build configuration list for PBXProject "BudgetApp" */ = {
			isa = XCConfigurationList;
			buildConfigurations = (
				6929E5662A7C4909009CBCF2 /* Debug */,
				6929E5672A7C4909009CBCF2 /* Release */,
			);
			defaultConfigurationIsVisible = 0;
			defaultConfigurationName = Release;
		};
/* End XCConfigurationList section */
	};
	rootObject = 6929E5622A7C4909009CBCF2 /* Project object */;
}
